
Microsoft Visual Studio Solution File, Format Version 12.00
# Visual Studio 15
VisualStudioVersion = 15.0.26430.4
MinimumVisualStudioVersion = 10.0.40219.1
Project("{FAE04EC0-301F-11D3-BF4B-00C04F79EFBC}") = "opg03", "opg03\opg03.csproj", "{35E47DE9-398F-4E2D-AD0B-EF455892ED85}"
EndProject
Project("{FAE04EC0-301F-11D3-BF4B-00C04F79EFBC}") = "opg04", "opg04\opg04.csproj", "{BBDBD3C3-3D02-4968-9586-A459D20670B7}"
EndProject
Project("{FAE04EC0-301F-11D3-BF4B-00C04F79EFBC}") = "Opg05", "Opg5\Opg05.csproj", "{2D7CAE92-44B4-4F1A-969A-4FF4C2523395}"
EndProject
Project("{FAE04EC0-301F-11D3-BF4B-00C04F79EFBC}") = "Opg06", "Opg06\Opg06.csproj", "{9078C399-147E-4E95-90DA-E629D891CE0C}"
EndProject
Project("{FAE04EC0-301F-11D3-BF4B-00C04F79EFBC}") = "Opg07", "Opg07\Opg07.csproj", "{6D897F00-B40A-4A08-998E-D48FA641B84B}"
EndProject
Project("{FAE04EC0-301F-11D3-BF4B-00C04F79EFBC}") = "Opg08", "Opg08\Opg08.csproj", "{3B3CB72A-352C-4737-B501-53C111E3DB57}"
EndProject
Project("{FAE04EC0-301F-11D3-BF4B-00C04F79EFBC}") = "Opg09", "Opg09\Opg09.csproj", "{23C8E787-6E55-4A18-900A-D6A5DB34B68F}"
EndProject
Project("{FAE04EC0-301F-11D3-BF4B-00C04F79EFBC}") = "Opg10", "Opg10\Opg10.csproj", "{52FC63ED-BA10-47A4-9D28-9673BC0B367D}"
EndProject
Project("{FAE04EC0-301F-11D3-BF4B-00C04F79EFBC}") = "Opg11", "Opg11\Opg11.csproj", "{034543B5-004C-4B37-8A09-DC8B3E8138F6}"
EndProject
Project("{FAE04EC0-301F-11D3-BF4B-00C04F79EFBC}") = "Opg12", "Opg12\Opg12.csproj", "{A4945CEE-D291-4315-A061-8953C14471C1}"
EndProject
Project("{FAE04EC0-301F-11D3-BF4B-00C04F79EFBC}") = "Opg13", "Opg13\Opg13.csproj", "{230A0458-4A88-48E7-B5F8-33E6EA122405}"
EndProject
Project("{FAE04EC0-301F-11D3-BF4B-00C04F79EFBC}") = "Opg14", "Opg14\Opg14.csproj", "{C4FCCE38-62CE-4A51-A1BA-68C14DF0F2ED}"
EndProject
Global
	GlobalSection(SolutionConfigurationPlatforms) = preSolution
		Debug|Any CPU = Debug|Any CPU
		Release|Any CPU = Release|Any CPU
	EndGlobalSection
	GlobalSection(ProjectConfigurationPlatforms) = postSolution
		{35E47DE9-398F-4E2D-AD0B-EF455892ED85}.Debug|Any CPU.ActiveCfg = Debug|Any CPU
		{35E47DE9-398F-4E2D-AD0B-EF455892ED85}.Debug|Any CPU.Build.0 = Debug|Any CPU
		{35E47DE9-398F-4E2D-AD0B-EF455892ED85}.Release|Any CPU.ActiveCfg = Release|Any CPU
		{35E47DE9-398F-4E2D-AD0B-EF455892ED85}.Release|Any CPU.Build.0 = Release|Any CPU
		{BBDBD3C3-3D02-4968-9586-A459D20670B7}.Debug|Any CPU.ActiveCfg = Debug|Any CPU
		{BBDBD3C3-3D02-4968-9586-A459D20670B7}.Debug|Any CPU.Build.0 = Debug|Any CPU
		{BBDBD3C3-3D02-4968-9586-A459D20670B7}.Release|Any CPU.ActiveCfg = Release|Any CPU
		{BBDBD3C3-3D02-4968-9586-A459D20670B7}.Release|Any CPU.Build.0 = Release|Any CPU
		{2D7CAE92-44B4-4F1A-969A-4FF4C2523395}.Debug|Any CPU.ActiveCfg = Debug|Any CPU
		{2D7CAE92-44B4-4F1A-969A-4FF4C2523395}.Debug|Any CPU.Build.0 = Debug|Any CPU
		{2D7CAE92-44B4-4F1A-969A-4FF4C2523395}.Release|Any CPU.ActiveCfg = Release|Any CPU
		{2D7CAE92-44B4-4F1A-969A-4FF4C2523395}.Release|Any CPU.Build.0 = Release|Any CPU
		{9078C399-147E-4E95-90DA-E629D891CE0C}.Debug|Any CPU.ActiveCfg = Debug|Any CPU
		{9078C399-147E-4E95-90DA-E629D891CE0C}.Debug|Any CPU.Build.0 = Debug|Any CPU
		{9078C399-147E-4E95-90DA-E629D891CE0C}.Release|Any CPU.ActiveCfg = Release|Any CPU
		{9078C399-147E-4E95-90DA-E629D891CE0C}.Release|Any CPU.Build.0 = Release|Any CPU
		{6D897F00-B40A-4A08-998E-D48FA641B84B}.Debug|Any CPU.ActiveCfg = Debug|Any CPU
		{6D897F00-B40A-4A08-998E-D48FA641B84B}.Debug|Any CPU.Build.0 = Debug|Any CPU
		{6D897F00-B40A-4A08-998E-D48FA641B84B}.Release|Any CPU.ActiveCfg = Release|Any CPU
		{6D897F00-B40A-4A08-998E-D48FA641B84B}.Release|Any CPU.Build.0 = Release|Any CPU
		{3B3CB72A-352C-4737-B501-53C111E3DB57}.Debug|Any CPU.ActiveCfg = Debug|Any CPU
		{3B3CB72A-352C-4737-B501-53C111E3DB57}.Debug|Any CPU.Build.0 = Debug|Any CPU
		{3B3CB72A-352C-4737-B501-53C111E3DB57}.Release|Any CPU.ActiveCfg = Release|Any CPU
		{3B3CB72A-352C-4737-B501-53C111E3DB57}.Release|Any CPU.Build.0 = Release|Any CPU
		{23C8E787-6E55-4A18-900A-D6A5DB34B68F}.Debug|Any CPU.ActiveCfg = Debug|Any CPU
		{23C8E787-6E55-4A18-900A-D6A5DB34B68F}.Debug|Any CPU.Build.0 = Debug|Any CPU
		{23C8E787-6E55-4A18-900A-D6A5DB34B68F}.Release|Any CPU.ActiveCfg = Release|Any CPU
		{23C8E787-6E55-4A18-900A-D6A5DB34B68F}.Release|Any CPU.Build.0 = Release|Any CPU
		{52FC63ED-BA10-47A4-9D28-9673BC0B367D}.Debug|Any CPU.ActiveCfg = Debug|Any CPU
		{52FC63ED-BA10-47A4-9D28-9673BC0B367D}.Debug|Any CPU.Build.0 = Debug|Any CPU
		{52FC63ED-BA10-47A4-9D28-9673BC0B367D}.Release|Any CPU.ActiveCfg = Release|Any CPU
		{52FC63ED-BA10-47A4-9D28-9673BC0B367D}.Release|Any CPU.Build.0 = Release|Any CPU
		{034543B5-004C-4B37-8A09-DC8B3E8138F6}.Debug|Any CPU.ActiveCfg = Debug|Any CPU
		{034543B5-004C-4B37-8A09-DC8B3E8138F6}.Debug|Any CPU.Build.0 = Debug|Any CPU
		{034543B5-004C-4B37-8A09-DC8B3E8138F6}.Release|Any CPU.ActiveCfg = Release|Any CPU
		{034543B5-004C-4B37-8A09-DC8B3E8138F6}.Release|Any CPU.Build.0 = Release|Any CPU
		{A4945CEE-D291-4315-A061-8953C14471C1}.Debug|Any CPU.ActiveCfg = Debug|Any CPU
		{A4945CEE-D291-4315-A061-8953C14471C1}.Debug|Any CPU.Build.0 = Debug|Any CPU
		{A4945CEE-D291-4315-A061-8953C14471C1}.Release|Any CPU.ActiveCfg = Release|Any CPU
		{A4945CEE-D291-4315-A061-8953C14471C1}.Release|Any CPU.Build.0 = Release|Any CPU
		{230A0458-4A88-48E7-B5F8-33E6EA122405}.Debug|Any CPU.ActiveCfg = Debug|Any CPU
		{230A0458-4A88-48E7-B5F8-33E6EA122405}.Debug|Any CPU.Build.0 = Debug|Any CPU
		{230A0458-4A88-48E7-B5F8-33E6EA122405}.Release|Any CPU.ActiveCfg = Release|Any CPU
		{230A0458-4A88-48E7-B5F8-33E6EA122405}.Release|Any CPU.Build.0 = Release|Any CPU
		{C4FCCE38-62CE-4A51-A1BA-68C14DF0F2ED}.Debug|Any CPU.ActiveCfg = Debug|Any CPU
		{C4FCCE38-62CE-4A51-A1BA-68C14DF0F2ED}.Debug|Any CPU.Build.0 = Debug|Any CPU
		{C4FCCE38-62CE-4A51-A1BA-68C14DF0F2ED}.Release|Any CPU.ActiveCfg = Release|Any CPU
		{C4FCCE38-62CE-4A51-A1BA-68C14DF0F2ED}.Release|Any CPU.Build.0 = Release|Any CPU
	EndGlobalSection
	GlobalSection(SolutionProperties) = preSolution
		HideSolutionNode = FALSE
	EndGlobalSection
EndGlobal
