
Microsoft Visual Studio Solution File, Format Version 12.00
# Visual Studio 15
VisualStudioVersion = 15.0.26228.9
MinimumVisualStudioVersion = 10.0.40219.1
Project("{FAE04EC0-301F-11D3-BF4B-00C04F79EFBC}") = "opg03", "opg03\opg03.csproj", "{35E47DE9-398F-4E2D-AD0B-EF455892ED85}"
EndProject
Project("{FAE04EC0-301F-11D3-BF4B-00C04F79EFBC}") = "opg04", "opg04\opg04.csproj", "{BBDBD3C3-3D02-4968-9586-A459D20670B7}"
EndProject
Project("{FAE04EC0-301F-11D3-BF4B-00C04F79EFBC}") = "Opg5", "Opg5\Opg5.csproj", "{2D7CAE92-44B4-4F1A-969A-4FF4C2523395}"
EndProject
Global
	GlobalSection(SolutionConfigurationPlatforms) = preSolution
		Debug|Any CPU = Debug|Any CPU
		Release|Any CPU = Release|Any CPU
	EndGlobalSection
	GlobalSection(ProjectConfigurationPlatforms) = postSolution
		{35E47DE9-398F-4E2D-AD0B-EF455892ED85}.Debug|Any CPU.ActiveCfg = Debug|Any CPU
		{35E47DE9-398F-4E2D-AD0B-EF455892ED85}.Debug|Any CPU.Build.0 = Debug|Any CPU
		{35E47DE9-398F-4E2D-AD0B-EF455892ED85}.Release|Any CPU.ActiveCfg = Release|Any CPU
		{35E47DE9-398F-4E2D-AD0B-EF455892ED85}.Release|Any CPU.Build.0 = Release|Any CPU
		{BBDBD3C3-3D02-4968-9586-A459D20670B7}.Debug|Any CPU.ActiveCfg = Debug|Any CPU
		{BBDBD3C3-3D02-4968-9586-A459D20670B7}.Debug|Any CPU.Build.0 = Debug|Any CPU
		{BBDBD3C3-3D02-4968-9586-A459D20670B7}.Release|Any CPU.ActiveCfg = Release|Any CPU
		{BBDBD3C3-3D02-4968-9586-A459D20670B7}.Release|Any CPU.Build.0 = Release|Any CPU
		{2D7CAE92-44B4-4F1A-969A-4FF4C2523395}.Debug|Any CPU.ActiveCfg = Debug|Any CPU
		{2D7CAE92-44B4-4F1A-969A-4FF4C2523395}.Debug|Any CPU.Build.0 = Debug|Any CPU
		{2D7CAE92-44B4-4F1A-969A-4FF4C2523395}.Release|Any CPU.ActiveCfg = Release|Any CPU
		{2D7CAE92-44B4-4F1A-969A-4FF4C2523395}.Release|Any CPU.Build.0 = Release|Any CPU
	EndGlobalSection
	GlobalSection(SolutionProperties) = preSolution
		HideSolutionNode = FALSE
	EndGlobalSection
EndGlobal
